
Microsoft Visual Studio Solution File, Format Version 12.00
# Visual Studio 15
VisualStudioVersion = 15.0.28307.136
MinimumVisualStudioVersion = 10.0.40219.1
Project("{FAE04EC0-301F-11D3-BF4B-00C04F79EFBC}") = "HttpRestClient", "HttpRestClient\HttpRestClient.csproj", "{243317C7-395C-41E0-8C55-01B32DAF0BD5}"
EndProject
Global
	GlobalSection(SolutionConfigurationPlatforms) = preSolution
		Debug|Any CPU = Debug|Any CPU
		Release|Any CPU = Release|Any CPU
	EndGlobalSection
	GlobalSection(ProjectConfigurationPlatforms) = postSolution
		{243317C7-395C-41E0-8C55-01B32DAF0BD5}.Debug|Any CPU.ActiveCfg = Debug|Any CPU
		{243317C7-395C-41E0-8C55-01B32DAF0BD5}.Debug|Any CPU.Build.0 = Debug|Any CPU
		{243317C7-395C-41E0-8C55-01B32DAF0BD5}.Release|Any CPU.ActiveCfg = Release|Any CPU
		{243317C7-395C-41E0-8C55-01B32DAF0BD5}.Release|Any CPU.Build.0 = Release|Any CPU
	EndGlobalSection
	GlobalSection(SolutionProperties) = preSolution
		HideSolutionNode = FALSE
	EndGlobalSection
	GlobalSection(ExtensibilityGlobals) = postSolution
		SolutionGuid = {0A119B65-8B70-4233-82D1-A5543D2DE156}
	EndGlobalSection
EndGlobal
